
Microsoft Visual Studio Solution File, Format Version 12.00
# Visual Studio Version 17
VisualStudioVersion = 17.4.33403.182
MinimumVisualStudioVersion = 10.0.40219.1
Project("{FAE04EC0-301F-11D3-BF4B-00C04F79EFBC}") = "Producer-kafka", "Producer-kafka\Producer-kafka.csproj", "{E8FA753A-791E-43B0-9703-9631CEA45631}"
EndProject
Global
	GlobalSection(SolutionConfigurationPlatforms) = preSolution
		Debug|Any CPU = Debug|Any CPU
		Release|Any CPU = Release|Any CPU
	EndGlobalSection
	GlobalSection(ProjectConfigurationPlatforms) = postSolution
		{E8FA753A-791E-43B0-9703-9631CEA45631}.Debug|Any CPU.ActiveCfg = Debug|Any CPU
		{E8FA753A-791E-43B0-9703-9631CEA45631}.Debug|Any CPU.Build.0 = Debug|Any CPU
		{E8FA753A-791E-43B0-9703-9631CEA45631}.Release|Any CPU.ActiveCfg = Release|Any CPU
		{E8FA753A-791E-43B0-9703-9631CEA45631}.Release|Any CPU.Build.0 = Release|Any CPU
	EndGlobalSection
	GlobalSection(SolutionProperties) = preSolution
		HideSolutionNode = FALSE
	EndGlobalSection
	GlobalSection(ExtensibilityGlobals) = postSolution
		SolutionGuid = {24E2A647-1544-4F59-9AE4-F8F1E9AF9274}
	EndGlobalSection
EndGlobal
